
Microsoft Visual Studio Solution File, Format Version 12.00
# Visual Studio Version 16
VisualStudioVersion = 16.0.30104.148
MinimumVisualStudioVersion = 10.0.40219.1
Project("{9A19103F-16F7-4668-BE54-9A1E7A4F7556}") = "OrganizzeReports", "OrganizzeReports\OrganizzeReports.csproj", "{5C21446A-F75E-43DC-B224-31E089494E34}"
EndProject
Project("{FAE04EC0-301F-11D3-BF4B-00C04F79EFBC}") = "OrganizzeReports.BlazorWebAssembly", "OrganizzeReports.BlazorWebAssembly\OrganizzeReports.BlazorWebAssembly.csproj", "{99AF439C-9731-4761-9649-B5146F7E2758}"
EndProject
Global
	GlobalSection(SolutionConfigurationPlatforms) = preSolution
		Debug|Any CPU = Debug|Any CPU
		Release|Any CPU = Release|Any CPU
	EndGlobalSection
	GlobalSection(ProjectConfigurationPlatforms) = postSolution
		{5C21446A-F75E-43DC-B224-31E089494E34}.Debug|Any CPU.ActiveCfg = Debug|Any CPU
		{5C21446A-F75E-43DC-B224-31E089494E34}.Debug|Any CPU.Build.0 = Debug|Any CPU
		{5C21446A-F75E-43DC-B224-31E089494E34}.Release|Any CPU.ActiveCfg = Release|Any CPU
		{5C21446A-F75E-43DC-B224-31E089494E34}.Release|Any CPU.Build.0 = Release|Any CPU
		{99AF439C-9731-4761-9649-B5146F7E2758}.Debug|Any CPU.ActiveCfg = Debug|Any CPU
		{99AF439C-9731-4761-9649-B5146F7E2758}.Debug|Any CPU.Build.0 = Debug|Any CPU
		{99AF439C-9731-4761-9649-B5146F7E2758}.Release|Any CPU.ActiveCfg = Release|Any CPU
		{99AF439C-9731-4761-9649-B5146F7E2758}.Release|Any CPU.Build.0 = Release|Any CPU
	EndGlobalSection
	GlobalSection(SolutionProperties) = preSolution
		HideSolutionNode = FALSE
	EndGlobalSection
	GlobalSection(ExtensibilityGlobals) = postSolution
		SolutionGuid = {758EC17E-6EC8-474B-92E2-BC6B25458245}
	EndGlobalSection
EndGlobal
